
Microsoft Visual Studio Solution File, Format Version 12.00
# Visual Studio Version 16
VisualStudioVersion = 16.0.28729.10
MinimumVisualStudioVersion = 10.0.40219.1
Project("{FAE04EC0-301F-11D3-BF4B-00C04F79EFBC}") = "ConsoleApp", "ConsoleApp\ConsoleApp.csproj", "{19644FCA-EAD1-46E3-91A9-90867866AC98}"
EndProject
Global
	GlobalSection(SolutionConfigurationPlatforms) = preSolution
		Debug|Any CPU = Debug|Any CPU
		Release|Any CPU = Release|Any CPU
	EndGlobalSection
	GlobalSection(ProjectConfigurationPlatforms) = postSolution
		{19644FCA-EAD1-46E3-91A9-90867866AC98}.Debug|Any CPU.ActiveCfg = Debug|Any CPU
		{19644FCA-EAD1-46E3-91A9-90867866AC98}.Debug|Any CPU.Build.0 = Debug|Any CPU
		{19644FCA-EAD1-46E3-91A9-90867866AC98}.Release|Any CPU.ActiveCfg = Release|Any CPU
		{19644FCA-EAD1-46E3-91A9-90867866AC98}.Release|Any CPU.Build.0 = Release|Any CPU
	EndGlobalSection
	GlobalSection(SolutionProperties) = preSolution
		HideSolutionNode = FALSE
	EndGlobalSection
	GlobalSection(ExtensibilityGlobals) = postSolution
		SolutionGuid = {EE538172-88E8-4D79-A70D-19BB590DECFB}
	EndGlobalSection
EndGlobal
