Microsoft Visual Studio Solution File, Format Version 12.00
# Visual Studio Version 16
VisualStudioVersion = 16.0.28621.142
MinimumVisualStudioVersion = 10.0.40219.1
Project("{FAE04EC0-301F-11D3-BF4B-00C04F79EFBC}") = "MyDemoWebApp", "MyDemoWebApp\MyDemoWebApp.csproj", "{05B7C71C-2AF5-46BA-9C99-B6ED9D62A217}"
EndProject
Project("{FAE04EC0-301F-11D3-BF4B-00C04F79EFBC}") = "MyWPFDemoApp", "MyWPFDemoApp\MyWPFDemoApp.csproj", "{D80E4A9E-A89D-4111-B92D-2002A2ED9B0E}"
EndProject
Global
	GlobalSection(SolutionConfigurationPlatforms) = preSolution
		Debug|Any CPU = Debug|Any CPU
		Release|Any CPU = Release|Any CPU
	EndGlobalSection
	GlobalSection(ProjectConfigurationPlatforms) = postSolution
		{05B7C71C-2AF5-46BA-9C99-B6ED9D62A217}.Debug|Any CPU.ActiveCfg = Debug|Any CPU
		{05B7C71C-2AF5-46BA-9C99-B6ED9D62A217}.Debug|Any CPU.Build.0 = Debug|Any CPU
		{05B7C71C-2AF5-46BA-9C99-B6ED9D62A217}.Release|Any CPU.ActiveCfg = Release|Any CPU
		{05B7C71C-2AF5-46BA-9C99-B6ED9D62A217}.Release|Any CPU.Build.0 = Release|Any CPU
		{D80E4A9E-A89D-4111-B92D-2002A2ED9B0E}.Debug|Any CPU.ActiveCfg = Debug|Any CPU
		{D80E4A9E-A89D-4111-B92D-2002A2ED9B0E}.Debug|Any CPU.Build.0 = Debug|Any CPU
		{D80E4A9E-A89D-4111-B92D-2002A2ED9B0E}.Release|Any CPU.ActiveCfg = Release|Any CPU
		{D80E4A9E-A89D-4111-B92D-2002A2ED9B0E}.Release|Any CPU.Build.0 = Release|Any CPU
	EndGlobalSection
	GlobalSection(SolutionProperties) = preSolution
		HideSolutionNode = FALSE
	EndGlobalSection
EndGlobal
