
Microsoft Visual Studio Solution File, Format Version 12.00
# Visual Studio Version 16
VisualStudioVersion = 16.0.28729.10
MinimumVisualStudioVersion = 10.0.40219.1
Project("{FAE04EC0-301F-11D3-BF4B-00C04F79EFBC}") = "WebApplication", "WebApplication\WebApplication.csproj", "{1E7F72FD-7A61-47AC-9A96-9AE93E1CBE1C}"
EndProject
Global
	GlobalSection(SolutionConfigurationPlatforms) = preSolution
		Debug|Any CPU = Debug|Any CPU
		Release|Any CPU = Release|Any CPU
	EndGlobalSection
	GlobalSection(ProjectConfigurationPlatforms) = postSolution
		{1E7F72FD-7A61-47AC-9A96-9AE93E1CBE1C}.Debug|Any CPU.ActiveCfg = Debug|Any CPU
		{1E7F72FD-7A61-47AC-9A96-9AE93E1CBE1C}.Debug|Any CPU.Build.0 = Debug|Any CPU
		{1E7F72FD-7A61-47AC-9A96-9AE93E1CBE1C}.Release|Any CPU.ActiveCfg = Release|Any CPU
		{1E7F72FD-7A61-47AC-9A96-9AE93E1CBE1C}.Release|Any CPU.Build.0 = Release|Any CPU
	EndGlobalSection
	GlobalSection(SolutionProperties) = preSolution
		HideSolutionNode = FALSE
	EndGlobalSection
	GlobalSection(ExtensibilityGlobals) = postSolution
		SolutionGuid = {031BAA2D-DF73-4AF8-BB4B-8A85963F1322}
	EndGlobalSection
EndGlobal
